PODS:
  - Liferay-iOS-SDK (6.2.0.1)

DEPENDENCIES:
  - Liferay-iOS-SDK (from `https://github.com/liferay/liferay-mobile-sdk.git`)

EXTERNAL SOURCES:
  Liferay-iOS-SDK:
    :git: https://github.com/liferay/liferay-mobile-sdk.git

SPEC CHECKSUMS:
  Liferay-iOS-SDK: d3b3db4a000128fe1a003f0672af67579507015c

COCOAPODS: 0.29.0
